
Microsoft Visual Studio Solution File, Format Version 12.00
# Visual Studio Version 16
VisualStudioVersion = 16.0.30717.126
MinimumVisualStudioVersion = 10.0.40219.1
Project("{FAE04EC0-301F-11D3-BF4B-00C04F79EFBC}") = "RemoteWorkAssistant.Server", "RemoteWorkAssistant\Server\RemoteWorkAssistant.Server.csproj", "{CCB13DE8-67D1-43DE-BD36-C5442C8A6A09}"
EndProject
Project("{FAE04EC0-301F-11D3-BF4B-00C04F79EFBC}") = "RemoteWorkAssistant.Client", "RemoteWorkAssistant\Client\RemoteWorkAssistant.Client.csproj", "{672E6959-7847-4010-A5A3-E0674016FCBE}"
EndProject
Project("{FAE04EC0-301F-11D3-BF4B-00C04F79EFBC}") = "RemoteWorkAssistant.Shared", "RemoteWorkAssistant\Shared\RemoteWorkAssistant.Shared.csproj", "{6BB7146B-8B44-4B4F-AA77-72675271ED0F}"
EndProject
Global
	GlobalSection(SolutionConfigurationPlatforms) = preSolution
		Debug|Any CPU = Debug|Any CPU
		Release|Any CPU = Release|Any CPU
	EndGlobalSection
	GlobalSection(ProjectConfigurationPlatforms) = postSolution
		{CCB13DE8-67D1-43DE-BD36-C5442C8A6A09}.Debug|Any CPU.ActiveCfg = Debug|Any CPU
		{CCB13DE8-67D1-43DE-BD36-C5442C8A6A09}.Debug|Any CPU.Build.0 = Debug|Any CPU
		{CCB13DE8-67D1-43DE-BD36-C5442C8A6A09}.Release|Any CPU.ActiveCfg = Release|Any CPU
		{CCB13DE8-67D1-43DE-BD36-C5442C8A6A09}.Release|Any CPU.Build.0 = Release|Any CPU
		{672E6959-7847-4010-A5A3-E0674016FCBE}.Debug|Any CPU.ActiveCfg = Debug|Any CPU
		{672E6959-7847-4010-A5A3-E0674016FCBE}.Debug|Any CPU.Build.0 = Debug|Any CPU
		{672E6959-7847-4010-A5A3-E0674016FCBE}.Release|Any CPU.ActiveCfg = Release|Any CPU
		{672E6959-7847-4010-A5A3-E0674016FCBE}.Release|Any CPU.Build.0 = Release|Any CPU
		{6BB7146B-8B44-4B4F-AA77-72675271ED0F}.Debug|Any CPU.ActiveCfg = Debug|Any CPU
		{6BB7146B-8B44-4B4F-AA77-72675271ED0F}.Debug|Any CPU.Build.0 = Debug|Any CPU
		{6BB7146B-8B44-4B4F-AA77-72675271ED0F}.Release|Any CPU.ActiveCfg = Release|Any CPU
		{6BB7146B-8B44-4B4F-AA77-72675271ED0F}.Release|Any CPU.Build.0 = Release|Any CPU
	EndGlobalSection
	GlobalSection(SolutionProperties) = preSolution
		HideSolutionNode = FALSE
	EndGlobalSection
	GlobalSection(ExtensibilityGlobals) = postSolution
		SolutionGuid = {B7A0BA13-6726-4367-96AB-A134529B1CCA}
	EndGlobalSection
EndGlobal
