
Microsoft Visual Studio Solution File, Format Version 12.00
# Visual Studio Version 16
VisualStudioVersion = 16.0.30717.126
MinimumVisualStudioVersion = 10.0.40219.1
Project("{9A19103F-16F7-4668-BE54-9A1E7A4F7556}") = "RemoteWorkAssistant.Server", "RemoteWorkAssistant\Server\RemoteWorkAssistant.Server.csproj", "{DBA210D1-102E-43C5-B45D-232B26003F29}"
EndProject
Project("{9A19103F-16F7-4668-BE54-9A1E7A4F7556}") = "RemoteWorkAssistant.Client", "RemoteWorkAssistant\Client\RemoteWorkAssistant.Client.csproj", "{F439B411-1248-4273-A7B9-9A5F1DAE0482}"
EndProject
Project("{9A19103F-16F7-4668-BE54-9A1E7A4F7556}") = "RemoteWorkAssistant.Shared", "RemoteWorkAssistant\Shared\RemoteWorkAssistant.Shared.csproj", "{52E1FF94-0721-4400-B9EB-E3030602A5EF}"
EndProject
Project("{9A19103F-16F7-4668-BE54-9A1E7A4F7556}") = "RemoteWorkAssistant.Service", "RemoteWorkAssistant\Service\RemoteWorkAssistant.Service.csproj", "{293D97D5-BA26-4F37-AB05-5B4FEEB8CBAC}"
	ProjectSection(ProjectDependencies) = postProject
		{52E1FF94-0721-4400-B9EB-E3030602A5EF} = {52E1FF94-0721-4400-B9EB-E3030602A5EF}
	EndProjectSection
EndProject
Global
	GlobalSection(SolutionConfigurationPlatforms) = preSolution
		Debug|Any CPU = Debug|Any CPU
		Release|Any CPU = Release|Any CPU
	EndGlobalSection
	GlobalSection(ProjectConfigurationPlatforms) = postSolution
		{DBA210D1-102E-43C5-B45D-232B26003F29}.Debug|Any CPU.ActiveCfg = Debug|Any CPU
		{DBA210D1-102E-43C5-B45D-232B26003F29}.Debug|Any CPU.Build.0 = Debug|Any CPU
		{DBA210D1-102E-43C5-B45D-232B26003F29}.Release|Any CPU.ActiveCfg = Release|Any CPU
		{DBA210D1-102E-43C5-B45D-232B26003F29}.Release|Any CPU.Build.0 = Release|Any CPU
		{F439B411-1248-4273-A7B9-9A5F1DAE0482}.Debug|Any CPU.ActiveCfg = Debug|Any CPU
		{F439B411-1248-4273-A7B9-9A5F1DAE0482}.Debug|Any CPU.Build.0 = Debug|Any CPU
		{F439B411-1248-4273-A7B9-9A5F1DAE0482}.Release|Any CPU.ActiveCfg = Release|Any CPU
		{F439B411-1248-4273-A7B9-9A5F1DAE0482}.Release|Any CPU.Build.0 = Release|Any CPU
		{52E1FF94-0721-4400-B9EB-E3030602A5EF}.Debug|Any CPU.ActiveCfg = Debug|Any CPU
		{52E1FF94-0721-4400-B9EB-E3030602A5EF}.Debug|Any CPU.Build.0 = Debug|Any CPU
		{52E1FF94-0721-4400-B9EB-E3030602A5EF}.Release|Any CPU.ActiveCfg = Release|Any CPU
		{52E1FF94-0721-4400-B9EB-E3030602A5EF}.Release|Any CPU.Build.0 = Release|Any CPU
		{293D97D5-BA26-4F37-AB05-5B4FEEB8CBAC}.Debug|Any CPU.ActiveCfg = Debug|Any CPU
		{293D97D5-BA26-4F37-AB05-5B4FEEB8CBAC}.Debug|Any CPU.Build.0 = Debug|Any CPU
		{293D97D5-BA26-4F37-AB05-5B4FEEB8CBAC}.Release|Any CPU.ActiveCfg = Release|Any CPU
		{293D97D5-BA26-4F37-AB05-5B4FEEB8CBAC}.Release|Any CPU.Build.0 = Release|Any CPU
	EndGlobalSection
	GlobalSection(SolutionProperties) = preSolution
		HideSolutionNode = FALSE
	EndGlobalSection
	GlobalSection(ExtensibilityGlobals) = postSolution
		SolutionGuid = {8856EAD9-E198-4CCA-BEDE-8F421442BCD1}
	EndGlobalSection
EndGlobal
